
Microsoft Visual Studio Solution File, Format Version 12.00
# Visual Studio Version 16
VisualStudioVersion = 16.0.30320.27
MinimumVisualStudioVersion = 10.0.40219.1
Project("{9A19103F-16F7-4668-BE54-9A1E7A4F7556}") = "BlazorAppTest1", "BlazorAppTest1\BlazorAppTest1.csproj", "{9BC85D5C-47D8-4FFA-9C30-C42E0D925B05}"
EndProject
Project("{9A19103F-16F7-4668-BE54-9A1E7A4F7556}") = "DatabaseLibrary", "DatabaseLibrary\DatabaseLibrary.csproj", "{238AA3C6-7A92-45EE-B462-D9554E860E1E}"
EndProject
Global
	GlobalSection(SolutionConfigurationPlatforms) = preSolution
		Debug|Any CPU = Debug|Any CPU
		Release|Any CPU = Release|Any CPU
	EndGlobalSection
	GlobalSection(ProjectConfigurationPlatforms) = postSolution
		{9BC85D5C-47D8-4FFA-9C30-C42E0D925B05}.Debug|Any CPU.ActiveCfg = Debug|Any CPU
		{9BC85D5C-47D8-4FFA-9C30-C42E0D925B05}.Debug|Any CPU.Build.0 = Debug|Any CPU
		{9BC85D5C-47D8-4FFA-9C30-C42E0D925B05}.Release|Any CPU.ActiveCfg = Release|Any CPU
		{9BC85D5C-47D8-4FFA-9C30-C42E0D925B05}.Release|Any CPU.Build.0 = Release|Any CPU
		{238AA3C6-7A92-45EE-B462-D9554E860E1E}.Debug|Any CPU.ActiveCfg = Debug|Any CPU
		{238AA3C6-7A92-45EE-B462-D9554E860E1E}.Debug|Any CPU.Build.0 = Debug|Any CPU
		{238AA3C6-7A92-45EE-B462-D9554E860E1E}.Release|Any CPU.ActiveCfg = Release|Any CPU
		{238AA3C6-7A92-45EE-B462-D9554E860E1E}.Release|Any CPU.Build.0 = Release|Any CPU
	EndGlobalSection
	GlobalSection(SolutionProperties) = preSolution
		HideSolutionNode = FALSE
	EndGlobalSection
	GlobalSection(ExtensibilityGlobals) = postSolution
		SolutionGuid = {74E1A5C1-6202-4131-8D2D-37937696E7C2}
	EndGlobalSection
EndGlobal
